{
  "version": 4,
  "terraform_version": "1.9.6",
  "serial": 14,
  "lineage": "320e0080-0281-962f-19b5-b57cc6d7f5f8",
  "outputs": {
    "bastion_connection_guide": {
      "value": {
        "local_bootstrap_servers": "localhost:9098",
        "ssh_tunnel_command": "ssh -i ~/.ssh/dev-club-key.pem -L 9098:boot-pieclbrb.c1.kafka-serverless.us-east-2.amazonaws.com:9098 ec2-user@18.227.81.200",
        "usage_note": "After establishing the SSH tunnel, connect your Kafka clients to localhost:9098"
      },
      "type": [
        "object",
        {
          "local_bootstrap_servers": "string",
          "ssh_tunnel_command": "string",
          "usage_note": "string"
        }
      ]
    },
    "bastion_instance_id": {
      "value": "i-04d7768c31cd1fc7b",
      "type": "string"
    },
    "bastion_public_dns": {
      "value": "ec2-18-227-81-200.us-east-2.compute.amazonaws.com",
      "type": "string"
    },
    "bastion_public_ip": {
      "value": "18.227.81.200",
      "type": "string"
    },
    "bastion_security_group_id": {
      "value": "sg-0157e2dab6380eae5",
      "type": "string"
    },
    "bootstrap_brokers_sasl_iam": {
      "value": "boot-pieclbrb.c1.kafka-serverless.us-east-2.amazonaws.com:9098",
      "type": "string"
    },
    "msk_cluster_arn": {
      "value": "arn:aws:kafka:us-east-2:863647765358:cluster/dev-club-msk-serverless/dedb0ae5-df1a-4cbc-b7c6-edb99c84dc7b-s1",
      "type": "string"
    },
    "msk_cluster_name": {
      "value": "dev-club-msk-serverless",
      "type": "string"
    },
    "msk_cluster_uuid": {
      "value": "dedb0ae5-df1a-4cbc-b7c6-edb99c84dc7b-s1",
      "type": "string"
    },
    "msk_developer_role_arn": {
      "value": "arn:aws:iam::863647765358:role/dev-club-msk-serverless-developer-role",
      "type": "string"
    },
    "port_forwarding_guide": {
      "value": {
        "msk_bootstrap_servers": "boot-pieclbrb.c1.kafka-serverless.us-east-2.amazonaws.com:9098",
        "step1_ssh_tunnel": "ssh -i ~/.ssh/dev-club-key.pem -L 9098:boot-pieclbrb.c1.kafka-serverless.us-east-2.amazonaws.com:9098 ec2-user@18.227.81.200",
        "step2_use_localhost": "Configure your Kafka client to connect to: localhost:9098",
        "step3_auth_note": "Use AWS IAM authentication with your local AWS credentials",
        "tunnel_explanation": "The SSH tunnel forwards local port 9098 to the MSK broker through the bastion host"
      },
      "type": [
        "object",
        {
          "msk_bootstrap_servers": "string",
          "step1_ssh_tunnel": "string",
          "step2_use_localhost": "string",
          "step3_auth_note": "string",
          "tunnel_explanation": "string"
        }
      ]
    },
    "private_subnet_ids": {
      "value": [
        "subnet-01b9f300e39c690dd",
        "subnet-00b0d9af0d0820c02",
        "subnet-05654215f4a589826"
      ],
      "type": [
        "list",
        "string"
      ]
    },
    "security_group_id": {
      "value": "sg-0f9a5bc5a888238a0",
      "type": "string"
    },
    "ssh_command": {
      "value": "ssh -i ~/.ssh/dev-club-key.pem ec2-user@18.227.81.200",
      "type": "string"
    },
    "vpc_id": {
      "value": "vpc-004f1e0ffc2ff5faa",
      "type": "string"
    }
  },
  "resources": [
    {
      "mode": "data",
      "type": "aws_ami",
      "name": "amazon_linux_arm",
      "provider": "provider[\"registry.terraform.io/hashicorp/aws\"]",
      "instances": [
        {
          "schema_version": 0,
          "attributes": {
            "architecture": "arm64",
            "arn": "arn:aws:ec2:us-east-2::image/ami-0e81298de30c2e810",
            "block_device_mappings": [
              {
                "device_name": "/dev/xvda",
                "ebs": {
                  "delete_on_termination": "true",
                  "encrypted": "false",
                  "iops": "0",
                  "snapshot_id": "snap-0e1ee0fbbe02e910b",
                  "throughput": "0",
                  "volume_initialization_rate": "0",
                  "volume_size": "8",
                  "volume_type": "gp2"
                },
                "no_device": "",
                "virtual_name": ""
              }
            ],
            "boot_mode": "",
            "creation_date": "2025-07-07T21:54:03.000Z",
            "deprecation_time": "2025-10-05T21:54:00.000Z",
            "description": "Amazon Linux 2 LTS Arm64 AMI 2.0.20250707.0 arm64 HVM gp2",
            "ena_support": true,
            "executable_users": null,
            "filter": [
              {
                "name": "name",
                "values": [
                  "amzn2-ami-hvm-*-arm64-gp2"
                ]
              },
              {
                "name": "virtualization-type",
                "values": [
                  "hvm"
                ]
              }
            ],
            "hypervisor": "xen",
            "id": "ami-0e81298de30c2e810",
            "image_id": "ami-0e81298de30c2e810",
            "image_location": "amazon/amzn2-ami-hvm-2.0.20250707.0-arm64-gp2",
            "image_owner_alias": "amazon",
            "image_type": "machine",
            "imds_support": "",
            "include_deprecated": false,
            "kernel_id": "",
            "last_launched_time": "",
            "most_recent": true,
            "name": "amzn2-ami-hvm-2.0.20250707.0-arm64-gp2",
            "name_regex": null,
            "owner_id": "137112412989",
            "owners": [
              "amazon"
            ],
            "platform": "",
            "platform_details": "Linux/UNIX",
            "product_codes": [],
            "public": true,
            "ramdisk_id": "",
            "root_device_name": "/dev/xvda",
            "root_device_type": "ebs",
            "root_snapshot_id": "snap-0e1ee0fbbe02e910b",
            "sriov_net_support": "simple",
            "state": "available",
            "state_reason": {
              "code": "UNSET",
              "message": "UNSET"
            },
            "tags": {},
            "timeouts": null,
            "tpm_support": "",
            "uefi_data": null,
            "usage_operation": "RunInstances",
            "virtualization_type": "hvm"
          },
          "sensitive_attributes": []
        }
      ]
    },
    {
      "mode": "data",
      "type": "aws_caller_identity",
      "name": "current",
      "provider": "provider[\"registry.terraform.io/hashicorp/aws\"]",
      "instances": [
        {
          "schema_version": 0,
          "attributes": {
            "account_id": "863647765358",
            "arn": "arn:aws:sts::863647765358:assumed-role/AWSReservedSSO_AdministratorAccess_1083ed7ac7f94050/lu.lan@kin.com",
            "id": "863647765358",
            "user_id": "AROA4SFLLCNXOYJX5LU66:lu.lan@kin.com"
          },
          "sensitive_attributes": []
        }
      ]
    },
    {
      "mode": "data",
      "type": "aws_vpc",
      "name": "selected",
      "provider": "provider[\"registry.terraform.io/hashicorp/aws\"]",
      "instances": [
        {
          "schema_version": 0,
          "attributes": {
            "arn": "arn:aws:ec2:us-east-2:863647765358:vpc/vpc-004f1e0ffc2ff5faa",
            "cidr_block": "10.104.0.0/18",
            "cidr_block_associations": [
              {
                "association_id": "vpc-cidr-assoc-08671afcfabbdaed9",
                "cidr_block": "10.104.0.0/18",
                "state": "associated"
              }
            ],
            "default": false,
            "dhcp_options_id": "dopt-2d79e746",
            "enable_dns_hostnames": true,
            "enable_dns_support": true,
            "enable_network_address_usage_metrics": false,
            "filter": null,
            "id": "vpc-004f1e0ffc2ff5faa",
            "instance_tenancy": "default",
            "ipv6_association_id": "",
            "ipv6_cidr_block": "",
            "main_route_table_id": "rtb-061eea6d504036b9c",
            "owner_id": "863647765358",
            "state": null,
            "tags": {
              "Environment": "ue2",
              "Name": "kin-ue2-sandboxplatform-common",
              "Namespace": "kin",
              "Stage": "sandboxplatform",
              "automation": "terraform",
              "kin:service": "shared",
              "kin:team": "devops",
              "kubernetes.io/cluster/kin-ue2-sandboxplatform-eks-cluster": "shared"
            },
            "timeouts": null
          },
          "sensitive_attributes": []
        }
      ]
    },
    {
      "mode": "managed",
      "type": "aws_cloudwatch_log_group",
      "name": "msk_log_group",
      "provider": "provider[\"registry.terraform.io/hashicorp/aws\"]",
      "instances": [
        {
          "schema_version": 0,
          "attributes": {
            "arn": "arn:aws:logs:us-east-2:863647765358:log-group:/aws/msk/dev-club-msk-serverless",
            "id": "/aws/msk/dev-club-msk-serverless",
            "kms_key_id": "",
            "log_group_class": "STANDARD",
            "name": "/aws/msk/dev-club-msk-serverless",
            "name_prefix": "",
            "retention_in_days": 7,
            "skip_destroy": false,
            "tags": {
              "Name": "dev-club-msk-serverless-log-group"
            },
            "tags_all": {
              "Name": "dev-club-msk-serverless-log-group",
              "kin:domain": "epp",
              "kin:environment": "dev",
              "kin:service": "epp-dev-club",
              "owner": "llan",
              "removeAsOf": "07/21/2025"
            }
          },
          "sensitive_attributes": [],
          "private": "bnVsbA=="
        }
      ]
    },
    {
      "mode": "managed",
      "type": "aws_iam_instance_profile",
      "name": "bastion_profile",
      "provider": "provider[\"registry.terraform.io/hashicorp/aws\"]",
      "instances": [
        {
          "schema_version": 0,
          "attributes": {
            "arn": "arn:aws:iam::863647765358:instance-profile/dev-club-msk-serverless-bastion-profile",
            "create_date": "2025-07-15T15:25:28Z",
            "id": "dev-club-msk-serverless-bastion-profile",
            "name": "dev-club-msk-serverless-bastion-profile",
            "name_prefix": "",
            "path": "/",
            "role": "dev-club-msk-serverless-bastion-role",
            "tags": {
              "Name": "dev-club-msk-serverless-bastion-profile"
            },
            "tags_all": {
              "Name": "dev-club-msk-serverless-bastion-profile",
              "kin:domain": "epp",
              "kin:environment": "dev",
              "kin:service": "epp-dev-club",
              "owner": "llan",
              "removeAsOf": "07/21/2025"
            },
            "unique_id": "AIPA4SFLLCNXMRD6L4VIN"
          },
          "sensitive_attributes": [],
          "private": "bnVsbA==",
          "dependencies": [
            "aws_iam_role.bastion_role"
          ]
        }
      ]
    },
    {
      "mode": "managed",
      "type": "aws_iam_role",
      "name": "bastion_role",
      "provider": "provider[\"registry.terraform.io/hashicorp/aws\"]",
      "instances": [
        {
          "schema_version": 0,
          "attributes": {
            "arn": "arn:aws:iam::863647765358:role/dev-club-msk-serverless-bastion-role",
            "assume_role_policy": "{\"Statement\":[{\"Action\":\"sts:AssumeRole\",\"Effect\":\"Allow\",\"Principal\":{\"Service\":\"ec2.amazonaws.com\"}}],\"Version\":\"2012-10-17\"}",
            "create_date": "2025-07-15T15:25:28Z",
            "description": "",
            "force_detach_policies": false,
            "id": "dev-club-msk-serverless-bastion-role",
            "inline_policy": [
              {
                "name": "dev-club-msk-serverless-bastion-minimal-policy",
                "policy": "{\"Version\":\"2012-10-17\",\"Statement\":[{\"Action\":[\"ec2:DescribeInstances\",\"ec2:DescribeNetworkInterfaces\"],\"Effect\":\"Allow\",\"Resource\":\"*\"}]}"
              }
            ],
            "managed_policy_arns": [],
            "max_session_duration": 3600,
            "name": "dev-club-msk-serverless-bastion-role",
            "name_prefix": "",
            "path": "/",
            "permissions_boundary": "",
            "tags": {
              "Name": "dev-club-msk-serverless-bastion-role"
            },
            "tags_all": {
              "Name": "dev-club-msk-serverless-bastion-role",
              "kin:domain": "epp",
              "kin:environment": "dev",
              "kin:service": "epp-dev-club",
              "owner": "llan",
              "removeAsOf": "07/21/2025"
            },
            "unique_id": "AROA4SFLLCNXNA537CZF2"
          },
          "sensitive_attributes": [],
          "private": "bnVsbA=="
        }
      ]
    },
    {
      "mode": "managed",
      "type": "aws_iam_role",
      "name": "msk_cluster_role",
      "provider": "provider[\"registry.terraform.io/hashicorp/aws\"]",
      "instances": [
        {
          "schema_version": 0,
          "attributes": {
            "arn": "arn:aws:iam::863647765358:role/dev-club-msk-serverless-cluster-role",
            "assume_role_policy": "{\"Statement\":[{\"Action\":\"sts:AssumeRole\",\"Effect\":\"Allow\",\"Principal\":{\"Service\":\"kafka.amazonaws.com\"}}],\"Version\":\"2012-10-17\"}",
            "create_date": "2025-07-15T15:25:28Z",
            "description": "",
            "force_detach_policies": false,
            "id": "dev-club-msk-serverless-cluster-role",
            "inline_policy": [],
            "managed_policy_arns": [],
            "max_session_duration": 3600,
            "name": "dev-club-msk-serverless-cluster-role",
            "name_prefix": "",
            "path": "/",
            "permissions_boundary": "",
            "tags": {
              "Name": "dev-club-msk-serverless-cluster-role"
            },
            "tags_all": {
              "Name": "dev-club-msk-serverless-cluster-role",
              "kin:domain": "epp",
              "kin:environment": "dev",
              "kin:service": "epp-dev-club",
              "owner": "llan",
              "removeAsOf": "07/21/2025"
            },
            "unique_id": "AROA4SFLLCNXP3LW4N25G"
          },
          "sensitive_attributes": [],
          "private": "bnVsbA=="
        }
      ]
    },
    {
      "mode": "managed",
      "type": "aws_iam_role",
      "name": "msk_developer_role",
      "provider": "provider[\"registry.terraform.io/hashicorp/aws\"]",
      "instances": [
        {
          "schema_version": 0,
          "attributes": {
            "arn": "arn:aws:iam::863647765358:role/dev-club-msk-serverless-developer-role",
            "assume_role_policy": "{\"Statement\":[{\"Action\":\"sts:AssumeRole\",\"Condition\":{\"StringEquals\":{\"sts:ExternalId\":\"msk-dev-access\"}},\"Effect\":\"Allow\",\"Principal\":{\"AWS\":\"arn:aws:iam::863647765358:root\"}}],\"Version\":\"2012-10-17\"}",
            "create_date": "2025-07-15T15:25:28Z",
            "description": "",
            "force_detach_policies": false,
            "id": "dev-club-msk-serverless-developer-role",
            "inline_policy": [
              {
                "name": "dev-club-msk-serverless-developer-policy",
                "policy": "{\"Version\":\"2012-10-17\",\"Statement\":[{\"Action\":[\"kafka-cluster:Connect\",\"kafka-cluster:AlterCluster\",\"kafka-cluster:DescribeCluster\"],\"Effect\":\"Allow\",\"Resource\":\"arn:aws:kafka:us-east-2:863647765358:cluster/dev-club-msk-serverless/dedb0ae5-df1a-4cbc-b7c6-edb99c84dc7b-s1\"},{\"Action\":[\"kafka-cluster:*Topic*\",\"kafka-cluster:WriteData\",\"kafka-cluster:ReadData\"],\"Effect\":\"Allow\",\"Resource\":\"arn:aws:kafka:us-east-2:863647765358:cluster/dev-club-msk-serverless/dedb0ae5-df1a-4cbc-b7c6-edb99c84dc7b-s1/topic/*\"},{\"Action\":[\"kafka-cluster:AlterGroup\",\"kafka-cluster:DescribeGroup\"],\"Effect\":\"Allow\",\"Resource\":\"arn:aws:kafka:us-east-2:863647765358:cluster/dev-club-msk-serverless/dedb0ae5-df1a-4cbc-b7c6-edb99c84dc7b-s1/group/*\"}]}"
              }
            ],
            "managed_policy_arns": [],
            "max_session_duration": 3600,
            "name": "dev-club-msk-serverless-developer-role",
            "name_prefix": "",
            "path": "/",
            "permissions_boundary": "",
            "tags": {
              "Name": "dev-club-msk-serverless-developer-role"
            },
            "tags_all": {
              "Name": "dev-club-msk-serverless-developer-role",
              "kin:domain": "epp",
              "kin:environment": "dev",
              "kin:service": "epp-dev-club",
              "owner": "llan",
              "removeAsOf": "07/21/2025"
            },
            "unique_id": "AROA4SFLLCNXJYOH3YA2S"
          },
          "sensitive_attributes": [],
          "private": "bnVsbA==",
          "dependencies": [
            "data.aws_caller_identity.current"
          ]
        }
      ]
    },
    {
      "mode": "managed",
      "type": "aws_iam_role_policy",
      "name": "bastion_minimal_policy",
      "provider": "provider[\"registry.terraform.io/hashicorp/aws\"]",
      "instances": [
        {
          "schema_version": 0,
          "attributes": {
            "id": "dev-club-msk-serverless-bastion-role:dev-club-msk-serverless-bastion-minimal-policy",
            "name": "dev-club-msk-serverless-bastion-minimal-policy",
            "name_prefix": "",
            "policy": "{\"Version\":\"2012-10-17\",\"Statement\":[{\"Action\":[\"ec2:DescribeInstances\",\"ec2:DescribeNetworkInterfaces\"],\"Effect\":\"Allow\",\"Resource\":\"*\"}]}",
            "role": "dev-club-msk-serverless-bastion-role"
          },
          "sensitive_attributes": [],
          "private": "bnVsbA==",
          "dependencies": [
            "aws_iam_role.bastion_role"
          ]
        }
      ]
    },
    {
      "mode": "managed",
      "type": "aws_iam_role_policy",
      "name": "msk_developer_policy",
      "provider": "provider[\"registry.terraform.io/hashicorp/aws\"]",
      "instances": [
        {
          "schema_version": 0,
          "attributes": {
            "id": "dev-club-msk-serverless-developer-role:dev-club-msk-serverless-developer-policy",
            "name": "dev-club-msk-serverless-developer-policy",
            "name_prefix": "",
            "policy": "{\"Version\":\"2012-10-17\",\"Statement\":[{\"Action\":[\"kafka-cluster:Connect\",\"kafka-cluster:AlterCluster\",\"kafka-cluster:DescribeCluster\"],\"Effect\":\"Allow\",\"Resource\":\"arn:aws:kafka:us-east-2:863647765358:cluster/dev-club-msk-serverless/dedb0ae5-df1a-4cbc-b7c6-edb99c84dc7b-s1\"},{\"Action\":[\"kafka-cluster:*Topic*\",\"kafka-cluster:WriteData\",\"kafka-cluster:ReadData\"],\"Effect\":\"Allow\",\"Resource\":\"arn:aws:kafka:us-east-2:863647765358:cluster/dev-club-msk-serverless/dedb0ae5-df1a-4cbc-b7c6-edb99c84dc7b-s1/topic/*\"},{\"Action\":[\"kafka-cluster:AlterGroup\",\"kafka-cluster:DescribeGroup\"],\"Effect\":\"Allow\",\"Resource\":\"arn:aws:kafka:us-east-2:863647765358:cluster/dev-club-msk-serverless/dedb0ae5-df1a-4cbc-b7c6-edb99c84dc7b-s1/group/*\"}]}",
            "role": "dev-club-msk-serverless-developer-role"
          },
          "sensitive_attributes": [],
          "private": "bnVsbA==",
          "dependencies": [
            "aws_iam_role.msk_developer_role",
            "aws_msk_serverless_cluster.msk_serverless",
            "aws_security_group.bastion_security_group",
            "aws_security_group.msk_security_group",
            "data.aws_caller_identity.current",
            "data.aws_vpc.selected"
          ]
        }
      ]
    },
    {
      "mode": "managed",
      "type": "aws_instance",
      "name": "kafka_bastion",
      "provider": "provider[\"registry.terraform.io/hashicorp/aws\"]",
      "instances": [
        {
          "schema_version": 1,
          "attributes": {
            "ami": "ami-0e81298de30c2e810",
            "arn": "arn:aws:ec2:us-east-2:863647765358:instance/i-04d7768c31cd1fc7b",
            "associate_public_ip_address": true,
            "availability_zone": "us-east-2a",
            "capacity_reservation_specification": [
              {
                "capacity_reservation_preference": "open",
                "capacity_reservation_target": []
              }
            ],
            "cpu_core_count": 2,
            "cpu_options": [
              {
                "amd_sev_snp": "",
                "core_count": 2,
                "threads_per_core": 1
              }
            ],
            "cpu_threads_per_core": 1,
            "credit_specification": [
              {
                "cpu_credits": "unlimited"
              }
            ],
            "disable_api_stop": false,
            "disable_api_termination": false,
            "ebs_block_device": [],
            "ebs_optimized": false,
            "enable_primary_ipv6": null,
            "enclave_options": [
              {
                "enabled": false
              }
            ],
            "ephemeral_block_device": [],
            "get_password_data": false,
            "hibernation": false,
            "host_id": "",
            "host_resource_group_arn": null,
            "iam_instance_profile": "dev-club-msk-serverless-bastion-profile",
            "id": "i-04d7768c31cd1fc7b",
            "instance_initiated_shutdown_behavior": "stop",
            "instance_lifecycle": "",
            "instance_market_options": [],
            "instance_state": "running",
            "instance_type": "t4g.nano",
            "ipv6_address_count": 0,
            "ipv6_addresses": [],
            "key_name": "dev-club-key",
            "launch_template": [],
            "maintenance_options": [
              {
                "auto_recovery": "default"
              }
            ],
            "metadata_options": [
              {
                "http_endpoint": "enabled",
                "http_protocol_ipv6": "disabled",
                "http_put_response_hop_limit": 1,
                "http_tokens": "optional",
                "instance_metadata_tags": "disabled"
              }
            ],
            "monitoring": false,
            "network_interface": [],
            "outpost_arn": "",
            "password_data": "",
            "placement_group": "",
            "placement_partition_number": 0,
            "primary_network_interface_id": "eni-0b8409dd8b4314fef",
            "private_dns": "ip-10-104-31-188.us-east-2.compute.internal",
            "private_dns_name_options": [
              {
                "enable_resource_name_dns_a_record": false,
                "enable_resource_name_dns_aaaa_record": false,
                "hostname_type": "ip-name"
              }
            ],
            "private_ip": "10.104.31.188",
            "public_dns": "ec2-18-227-81-200.us-east-2.compute.amazonaws.com",
            "public_ip": "18.227.81.200",
            "root_block_device": [
              {
                "delete_on_termination": true,
                "device_name": "/dev/xvda",
                "encrypted": true,
                "iops": 3000,
                "kms_key_id": "arn:aws:kms:us-east-2:863647765358:key/aea2e2c2-0f72-43d3-90c3-c8292f29f4b9",
                "tags": null,
                "tags_all": {
                  "kin:domain": "epp",
                  "kin:environment": "dev",
                  "kin:service": "epp-dev-club",
                  "owner": "llan",
                  "removeAsOf": "07/21/2025"
                },
                "throughput": 125,
                "volume_id": "vol-0612b1489488f671e",
                "volume_size": 8,
                "volume_type": "gp3"
              }
            ],
            "secondary_private_ips": [],
            "security_groups": [],
            "source_dest_check": true,
            "spot_instance_request_id": "",
            "subnet_id": "subnet-0ddcd029a1ad55052",
            "tags": {
              "Name": "dev-club-msk-serverless-kafka-bastion"
            },
            "tags_all": {
              "Name": "dev-club-msk-serverless-kafka-bastion",
              "kin:domain": "epp",
              "kin:environment": "dev",
              "kin:service": "epp-dev-club",
              "owner": "llan",
              "removeAsOf": "07/21/2025"
            },
            "tenancy": "default",
            "timeouts": null,
            "user_data": "da14970b47de217f51f1dc91814abe5bbccfd10b",
            "user_data_base64": null,
            "user_data_replace_on_change": false,
            "volume_tags": null,
            "vpc_security_group_ids": [
              "sg-0157e2dab6380eae5"
            ]
          },
          "sensitive_attributes": [],
          "private": "eyJlMmJmYjczMC1lY2FhLTExZTYtOGY4OC0zNDM2M2JjN2M0YzAiOnsiY3JlYXRlIjo2MDAwMDAwMDAwMDAsImRlbGV0ZSI6MTIwMDAwMDAwMDAwMCwicmVhZCI6OTAwMDAwMDAwMDAwLCJ1cGRhdGUiOjYwMDAwMDAwMDAwMH0sInNjaGVtYV92ZXJzaW9uIjoiMSJ9",
          "dependencies": [
            "aws_iam_instance_profile.bastion_profile",
            "aws_iam_role.bastion_role",
            "aws_security_group.bastion_security_group",
            "data.aws_ami.amazon_linux_arm"
          ]
        }
      ]
    },
    {
      "mode": "managed",
      "type": "aws_msk_serverless_cluster",
      "name": "msk_serverless",
      "provider": "provider[\"registry.terraform.io/hashicorp/aws\"]",
      "instances": [
        {
          "schema_version": 0,
          "attributes": {
            "arn": "arn:aws:kafka:us-east-2:863647765358:cluster/dev-club-msk-serverless/dedb0ae5-df1a-4cbc-b7c6-edb99c84dc7b-s1",
            "bootstrap_brokers_sasl_iam": "boot-pieclbrb.c1.kafka-serverless.us-east-2.amazonaws.com:9098",
            "client_authentication": [
              {
                "sasl": [
                  {
                    "iam": [
                      {
                        "enabled": true
                      }
                    ]
                  }
                ]
              }
            ],
            "cluster_name": "dev-club-msk-serverless",
            "cluster_uuid": "dedb0ae5-df1a-4cbc-b7c6-edb99c84dc7b-s1",
            "id": "arn:aws:kafka:us-east-2:863647765358:cluster/dev-club-msk-serverless/dedb0ae5-df1a-4cbc-b7c6-edb99c84dc7b-s1",
            "tags": {
              "Name": "dev-club-msk-serverless"
            },
            "tags_all": {
              "Name": "dev-club-msk-serverless",
              "kin:domain": "epp",
              "kin:environment": "dev",
              "kin:service": "epp-dev-club",
              "owner": "llan",
              "removeAsOf": "07/21/2025"
            },
            "timeouts": null,
            "vpc_config": [
              {
                "security_group_ids": [
                  "sg-0f9a5bc5a888238a0"
                ],
                "subnet_ids": [
                  "subnet-00b0d9af0d0820c02",
                  "subnet-01b9f300e39c690dd",
                  "subnet-05654215f4a589826"
                ]
              }
            ]
          },
          "sensitive_attributes": [],
          "private": "eyJlMmJmYjczMC1lY2FhLTExZTYtOGY4OC0zNDM2M2JjN2M0YzAiOnsiY3JlYXRlIjo3MjAwMDAwMDAwMDAwLCJkZWxldGUiOjcyMDAwMDAwMDAwMDB9fQ==",
          "dependencies": [
            "aws_security_group.bastion_security_group",
            "aws_security_group.msk_security_group",
            "data.aws_vpc.selected"
          ]
        }
      ]
    },
    {
      "mode": "managed",
      "type": "aws_security_group",
      "name": "bastion_security_group",
      "provider": "provider[\"registry.terraform.io/hashicorp/aws\"]",
      "instances": [
        {
          "schema_version": 1,
          "attributes": {
            "arn": "arn:aws:ec2:us-east-2:863647765358:security-group/sg-0157e2dab6380eae5",
            "description": "Security group for Kafka bastion host",
            "egress": [
              {
                "cidr_blocks": [
                  "0.0.0.0/0"
                ],
                "description": "All outbound traffic",
                "from_port": 0,
                "ipv6_cidr_blocks": [],
                "prefix_list_ids": [],
                "protocol": "-1",
                "security_groups": [],
                "self": false,
                "to_port": 0
              }
            ],
            "id": "sg-0157e2dab6380eae5",
            "ingress": [
              {
                "cidr_blocks": [
                  "0.0.0.0/0"
                ],
                "description": "SSH access to bastion host",
                "from_port": 22,
                "ipv6_cidr_blocks": [],
                "prefix_list_ids": [],
                "protocol": "tcp",
                "security_groups": [],
                "self": false,
                "to_port": 22
              }
            ],
            "name": "dev-club-msk-serverless-bastion-sg20250715152527993900000001",
            "name_prefix": "dev-club-msk-serverless-bastion-sg",
            "owner_id": "863647765358",
            "revoke_rules_on_delete": false,
            "tags": {
              "Name": "dev-club-msk-serverless-bastion-security-group"
            },
            "tags_all": {
              "Name": "dev-club-msk-serverless-bastion-security-group",
              "kin:domain": "epp",
              "kin:environment": "dev",
              "kin:service": "epp-dev-club",
              "owner": "llan",
              "removeAsOf": "07/21/2025"
            },
            "timeouts": null,
            "vpc_id": "vpc-004f1e0ffc2ff5faa"
          },
          "sensitive_attributes": [],
          "private": "eyJlMmJmYjczMC1lY2FhLTExZTYtOGY4OC0zNDM2M2JjN2M0YzAiOnsiY3JlYXRlIjo2MDAwMDAwMDAwMDAsImRlbGV0ZSI6OTAwMDAwMDAwMDAwfSwic2NoZW1hX3ZlcnNpb24iOiIxIn0="
        }
      ]
    },
    {
      "mode": "managed",
      "type": "aws_security_group",
      "name": "msk_security_group",
      "provider": "provider[\"registry.terraform.io/hashicorp/aws\"]",
      "instances": [
        {
          "schema_version": 1,
          "attributes": {
            "arn": "arn:aws:ec2:us-east-2:863647765358:security-group/sg-0f9a5bc5a888238a0",
            "description": "Managed by Terraform",
            "egress": [
              {
                "cidr_blocks": [
                  "0.0.0.0/0"
                ],
                "description": "",
                "from_port": 0,
                "ipv6_cidr_blocks": [],
                "prefix_list_ids": [],
                "protocol": "-1",
                "security_groups": [],
                "self": false,
                "to_port": 0
              }
            ],
            "id": "sg-0f9a5bc5a888238a0",
            "ingress": [
              {
                "cidr_blocks": [
                  "10.104.0.0/18"
                ],
                "description": "Kafka IAM access from VPC (including bastion)",
                "from_port": 9098,
                "ipv6_cidr_blocks": [],
                "prefix_list_ids": [],
                "protocol": "tcp",
                "security_groups": [],
                "self": false,
                "to_port": 9098
              },
              {
                "cidr_blocks": [
                  "10.104.0.0/18"
                ],
                "description": "Kafka TLS access from VPC",
                "from_port": 9094,
                "ipv6_cidr_blocks": [],
                "prefix_list_ids": [],
                "protocol": "tcp",
                "security_groups": [],
                "self": false,
                "to_port": 9094
              },
              {
                "cidr_blocks": [],
                "description": "Kafka IAM access from bastion host",
                "from_port": 9098,
                "ipv6_cidr_blocks": [],
                "prefix_list_ids": [],
                "protocol": "tcp",
                "security_groups": [
                  "sg-0157e2dab6380eae5"
                ],
                "self": false,
                "to_port": 9098
              },
              {
                "cidr_blocks": [],
                "description": "Kafka TLS access from bastion host",
                "from_port": 9094,
                "ipv6_cidr_blocks": [],
                "prefix_list_ids": [],
                "protocol": "tcp",
                "security_groups": [
                  "sg-0157e2dab6380eae5"
                ],
                "self": false,
                "to_port": 9094
              }
            ],
            "name": "dev-club-msk-serverless-sg20250715152530906500000002",
            "name_prefix": "dev-club-msk-serverless-sg",
            "owner_id": "863647765358",
            "revoke_rules_on_delete": false,
            "tags": {
              "Name": "dev-club-msk-serverless-security-group"
            },
            "tags_all": {
              "Name": "dev-club-msk-serverless-security-group",
              "kin:domain": "epp",
              "kin:environment": "dev",
              "kin:service": "epp-dev-club",
              "owner": "llan",
              "removeAsOf": "07/21/2025"
            },
            "timeouts": null,
            "vpc_id": "vpc-004f1e0ffc2ff5faa"
          },
          "sensitive_attributes": [],
          "private": "eyJlMmJmYjczMC1lY2FhLTExZTYtOGY4OC0zNDM2M2JjN2M0YzAiOnsiY3JlYXRlIjo2MDAwMDAwMDAwMDAsImRlbGV0ZSI6OTAwMDAwMDAwMDAwfSwic2NoZW1hX3ZlcnNpb24iOiIxIn0=",
          "dependencies": [
            "aws_security_group.bastion_security_group",
            "data.aws_vpc.selected"
          ]
        }
      ]
    }
  ],
  "check_results": [
    {
      "object_kind": "var",
      "config_addr": "var.private_subnet_ids",
      "status": "pass",
      "objects": [
        {
          "object_addr": "var.private_subnet_ids",
          "status": "pass"
        }
      ]
    }
  ]
}
